// !$*UTF8*$!
{
	archiveVersion = 1;
	classes = {
	};
	objectVersion = 50;
	objects = {

/* Begin PBXBuildFile section */
		4D63F0F92291424600461C99 /* AppDelegate.swift in Sources */ = {isa = PBXBuildFile; fileRef = 4D63F0F82291424600461C99 /* AppDelegate.swift */; };
		4D63F0FE2291424600461C99 /* Main.storyboard in Resources */ = {isa = PBXBuildFile; fileRef = 4D63F0FC2291424600461C99 /* Main.storyboard */; };
		4D63F1002291424700461C99 /* Assets.xcassets in Resources */ = {isa = PBXBuildFile; fileRef = 4D63F0FF2291424700461C99 /* Assets.xcassets */; };
		4D63F1032291424700461C99 /* LaunchScreen.storyboard in Resources */ = {isa = PBXBuildFile; fileRef = 4D63F1012291424700461C99 /* LaunchScreen.storyboard */; };
		4D7103A92291971B00779EFD /* HomeViewController.swift in Sources */ = {isa = PBXBuildFile; fileRef = 4D7103A82291971B00779EFD /* HomeViewController.swift */; };
		4D96618322927187006F57B1 /* GoogleService-Info.plist in Resources */ = {isa = PBXBuildFile; fileRef = 4D96618222927187006F57B1 /* GoogleService-Info.plist */; };
		4D96618922927747006F57B1 /* Student.storyboard in Resources */ = {isa = PBXBuildFile; fileRef = 4D96618822927747006F57B1 /* Student.storyboard */; };
		4D96618B2292777A006F57B1 /* MyProfile.storyboard in Resources */ = {isa = PBXBuildFile; fileRef = 4D96618A2292777A006F57B1 /* MyProfile.storyboard */; };
		4D96618D2292779C006F57B1 /* HomeWork.storyboard in Resources */ = {isa = PBXBuildFile; fileRef = 4D96618C2292779C006F57B1 /* HomeWork.storyboard */; };
		4D96618F229277E4006F57B1 /* Login.storyboard in Resources */ = {isa = PBXBuildFile; fileRef = 4D96618E229277E4006F57B1 /* Login.storyboard */; };
		4D96619E22928D54006F57B1 /* StudentViewController.swift in Sources */ = {isa = PBXBuildFile; fileRef = 4D96619D22928D54006F57B1 /* StudentViewController.swift */; };
		4D9661A022928D7E006F57B1 /* ForgetPasswordViewController.swift in Sources */ = {isa = PBXBuildFile; fileRef = 4D96619F22928D7E006F57B1 /* ForgetPasswordViewController.swift */; };
		4D9661A222928D98006F57B1 /* HomeWorkViewController.swift in Sources */ = {isa = PBXBuildFile; fileRef = 4D9661A122928D98006F57B1 /* HomeWorkViewController.swift */; };
		4D9661A422928DB3006F57B1 /* MyProfileViewController.swift in Sources */ = {isa = PBXBuildFile; fileRef = 4D9661A322928DB3006F57B1 /* MyProfileViewController.swift */; };
		4D9661A622928DCB006F57B1 /* LoginViewController.swift in Sources */ = {isa = PBXBuildFile; fileRef = 4D9661A522928DCB006F57B1 /* LoginViewController.swift */; };
		55194FC670D1CFCD82401AA8 /* Pods_NIBMConnect.framework in Frameworks */ = {isa = PBXBuildFile; fileRef = 9075070E7139539E91374B48 /* Pods_NIBMConnect.framework */; };
		E4014BE722957DED00AAD5EA /* TempData.swift in Sources */ = {isa = PBXBuildFile; fileRef = E4014BE622957DED00AAD5EA /* TempData.swift */; };
		E4014BE92295834C00AAD5EA /* Home.storyboard in Resources */ = {isa = PBXBuildFile; fileRef = E4014BE82295834C00AAD5EA /* Home.storyboard */; };
		E4014BEC2295844200AAD5EA /* BaseViewController.swift in Sources */ = {isa = PBXBuildFile; fileRef = E4014BEB2295844200AAD5EA /* BaseViewController.swift */; };
		E4014BEE22958D6F00AAD5EA /* Friends.swift in Sources */ = {isa = PBXBuildFile; fileRef = E4014BED22958D6F00AAD5EA /* Friends.swift */; };
		E4014BF02295906200AAD5EA /* friendCell.swift in Sources */ = {isa = PBXBuildFile; fileRef = E4014BEF2295906200AAD5EA /* friendCell.swift */; };
		E45D9EC4229963A300871B79 /* friendViewController.swift in Sources */ = {isa = PBXBuildFile; fileRef = E45D9EC3229963A300871B79 /* friendViewController.swift */; };
/* End PBXBuildFile section */

/* Begin PBXFileReference section */
		217C33D2C6714FBA374878A8 /* Pods-NIBMConnect.debug.xcconfig */ = {isa = PBXFileReference; includeInIndex = 1; lastKnownFileType = text.xcconfig; name = "Pods-NIBMConnect.debug.xcconfig"; path = "Pods/Target Support Files/Pods-NIBMConnect/Pods-NIBMConnect.debug.xcconfig"; sourceTree = "<group>"; };
		41CEF92B2EE9165BBB909980 /* Pods-NIBMConnect.debug.xcconfig */ = {isa = PBXFileReference; includeInIndex = 1; lastKnownFileType = text.xcconfig; name = "Pods-NIBMConnect.debug.xcconfig"; path = "Target Support Files/Pods-NIBMConnect/Pods-NIBMConnect.debug.xcconfig"; sourceTree = "<group>"; };
		4D63F0F52291424600461C99 /* NIBMConnect.app */ = {isa = PBXFileReference; explicitFileType = wrapper.application; includeInIndex = 0; path = NIBMConnect.app; sourceTree = BUILT_PRODUCTS_DIR; };
		4D63F0F82291424600461C99 /* AppDelegate.swift */ = {isa = PBXFileReference; lastKnownFileType = sourcecode.swift; path = AppDelegate.swift; sourceTree = "<group>"; };
		4D63F0FD2291424600461C99 /* Base */ = {isa = PBXFileReference; lastKnownFileType = file.storyboard; name = Base; path = Base.lproj/Main.storyboard; sourceTree = "<group>"; };
		4D63F0FF2291424700461C99 /* Assets.xcassets */ = {isa = PBXFileReference; lastKnownFileType = folder.assetcatalog; path = Assets.xcassets; sourceTree = "<group>"; };
		4D63F1022291424700461C99 /* Base */ = {isa = PBXFileReference; lastKnownFileType = file.storyboard; name = Base; path = Base.lproj/LaunchScreen.storyboard; sourceTree = "<group>"; };
		4D63F1042291424700461C99 /* Info.plist */ = {isa = PBXFileReference; lastKnownFileType = text.plist.xml; path = Info.plist; sourceTree = "<group>"; };
		4D7103A82291971B00779EFD /* HomeViewController.swift */ = {isa = PBXFileReference; lastKnownFileType = sourcecode.swift; path = HomeViewController.swift; sourceTree = "<group>"; };
		4D96618222927187006F57B1 /* GoogleService-Info.plist */ = {isa = PBXFileReference; fileEncoding = 4; lastKnownFileType = text.plist.xml; path = "GoogleService-Info.plist"; sourceTree = "<group>"; };
		4D96618822927747006F57B1 /* Student.storyboard */ = {isa = PBXFileReference; lastKnownFileType = file.storyboard; path = Student.storyboard; sourceTree = "<group>"; };
		4D96618A2292777A006F57B1 /* MyProfile.storyboard */ = {isa = PBXFileReference; lastKnownFileType = file.storyboard; path = MyProfile.storyboard; sourceTree = "<group>"; };
		4D96618C2292779C006F57B1 /* HomeWork.storyboard */ = {isa = PBXFileReference; lastKnownFileType = file.storyboard; path = HomeWork.storyboard; sourceTree = "<group>"; };
		4D96618E229277E4006F57B1 /* Login.storyboard */ = {isa = PBXFileReference; lastKnownFileType = file.storyboard; path = Login.storyboard; sourceTree = "<group>"; };
		4D96619D22928D54006F57B1 /* StudentViewController.swift */ = {isa = PBXFileReference; lastKnownFileType = sourcecode.swift; path = StudentViewController.swift; sourceTree = "<group>"; };
		4D96619F22928D7E006F57B1 /* ForgetPasswordViewController.swift */ = {isa = PBXFileReference; lastKnownFileType = sourcecode.swift; path = ForgetPasswordViewController.swift; sourceTree = "<group>"; };
		4D9661A122928D98006F57B1 /* HomeWorkViewController.swift */ = {isa = PBXFileReference; lastKnownFileType = sourcecode.swift; path = HomeWorkViewController.swift; sourceTree = "<group>"; };
		4D9661A322928DB3006F57B1 /* MyProfileViewController.swift */ = {isa = PBXFileReference; lastKnownFileType = sourcecode.swift; path = MyProfileViewController.swift; sourceTree = "<group>"; };
		4D9661A522928DCB006F57B1 /* LoginViewController.swift */ = {isa = PBXFileReference; lastKnownFileType = sourcecode.swift; path = LoginViewController.swift; sourceTree = "<group>"; };
		9075070E7139539E91374B48 /* Pods_NIBMConnect.framework */ = {isa = PBXFileReference; explicitFileType = wrapper.framework; includeInIndex = 0; path = Pods_NIBMConnect.framework; sourceTree = BUILT_PRODUCTS_DIR; };
		A9106DC2E43AE90E5066C0B9 /* Pods-NIBMConnect.release.xcconfig */ = {isa = PBXFileReference; includeInIndex = 1; lastKnownFileType = text.xcconfig; name = "Pods-NIBMConnect.release.xcconfig"; path = "Pods/Target Support Files/Pods-NIBMConnect/Pods-NIBMConnect.release.xcconfig"; sourceTree = "<group>"; };
		B57BFE8E72C2B563C2889BDE /* Pods-NIBMConnect.release.xcconfig */ = {isa = PBXFileReference; includeInIndex = 1; lastKnownFileType = text.xcconfig; name = "Pods-NIBMConnect.release.xcconfig"; path = "Target Support Files/Pods-NIBMConnect/Pods-NIBMConnect.release.xcconfig"; sourceTree = "<group>"; };
		E4014BE622957DED00AAD5EA /* TempData.swift */ = {isa = PBXFileReference; lastKnownFileType = sourcecode.swift; path = TempData.swift; sourceTree = "<group>"; };
		E4014BE82295834C00AAD5EA /* Home.storyboard */ = {isa = PBXFileReference; lastKnownFileType = file.storyboard; path = Home.storyboard; sourceTree = "<group>"; };
		E4014BEB2295844200AAD5EA /* BaseViewController.swift */ = {isa = PBXFileReference; lastKnownFileType = sourcecode.swift; path = BaseViewController.swift; sourceTree = "<group>"; };
		E4014BED22958D6F00AAD5EA /* Friends.swift */ = {isa = PBXFileReference; lastKnownFileType = sourcecode.swift; name = Friends.swift; path = NIBMConnect/com/nibm/Controller/Base/Friends.swift; sourceTree = SOURCE_ROOT; };
		E4014BEF2295906200AAD5EA /* friendCell.swift */ = {isa = PBXFileReference; lastKnownFileType = sourcecode.swift; path = friendCell.swift; sourceTree = "<group>"; };
		E45D9EC3229963A300871B79 /* friendViewController.swift */ = {isa = PBXFileReference; lastKnownFileType = sourcecode.swift; path = friendViewController.swift; sourceTree = "<group>"; };
/* End PBXFileReference section */

/* Begin PBXFrameworksBuildPhase section */
		4D63F0F22291424600461C99 /* Frameworks */ = {
			isa = PBXFrameworksBuildPhase;
			buildActionMask = 2147483647;
			files = (
				55194FC670D1CFCD82401AA8 /* Pods_NIBMConnect.framework in Frameworks */,
			);
			runOnlyForDeploymentPostprocessing = 0;
		};
/* End PBXFrameworksBuildPhase section */

/* Begin PBXGroup section */
		4D63F0EC2291424600461C99 = {
			isa = PBXGroup;
			children = (
				4D63F0F72291424600461C99 /* NIBMConnect */,
				4D63F0F62291424600461C99 /* Products */,
				AAC8B30D8904762BE7A56990 /* Pods */,
				67892D64473D41DB7AAAD28D /* Frameworks */,
			);
			sourceTree = "<group>";
		};
		4D63F0F62291424600461C99 /* Products */ = {
			isa = PBXGroup;
			children = (
				4D63F0F52291424600461C99 /* NIBMConnect.app */,
			);
			name = Products;
			sourceTree = "<group>";
		};
		4D63F0F72291424600461C99 /* NIBMConnect */ = {
			isa = PBXGroup;
			children = (
				4D96618422927541006F57B1 /* com */,
				4D96618222927187006F57B1 /* GoogleService-Info.plist */,
				4D63F0F82291424600461C99 /* AppDelegate.swift */,
				4D63F0FF2291424700461C99 /* Assets.xcassets */,
				4D63F1042291424700461C99 /* Info.plist */,
			);
			path = NIBMConnect;
			sourceTree = "<group>";
		};
		4D7103A32291969900779EFD /* Model */ = {
			isa = PBXGroup;
			children = (
				E4014BED22958D6F00AAD5EA /* Friends.swift */,
			);
			path = Model;
			sourceTree = "<group>";
		};
		4D7103A4229196A900779EFD /* Controller */ = {
			isa = PBXGroup;
			children = (
				E4014BEA2295843400AAD5EA /* Base */,
				4D96619922928416006F57B1 /* Student */,
				4D966198229283F8006F57B1 /* ForgetPassword */,
				4D966197229283D2006F57B1 /* HomeWork */,
				4D966196229283A2006F57B1 /* MyProfile */,
				4D7103A7229196D500779EFD /* Login */,
				4D7103A6229196CB00779EFD /* Landing */,
			);
			path = Controller;
			sourceTree = "<group>";
		};
		4D7103A5229196B700779EFD /* StoryBoard */ = {
			isa = PBXGroup;
			children = (
				4D63F0FC2291424600461C99 /* Main.storyboard */,
				4D63F1012291424700461C99 /* LaunchScreen.storyboard */,
				4D96618822927747006F57B1 /* Student.storyboard */,
				4D96618A2292777A006F57B1 /* MyProfile.storyboard */,
				4D96618C2292779C006F57B1 /* HomeWork.storyboard */,
				4D96618E229277E4006F57B1 /* Login.storyboard */,
				E4014BE82295834C00AAD5EA /* Home.storyboard */,
			);
			path = StoryBoard;
			sourceTree = "<group>";
		};
		4D7103A6229196CB00779EFD /* Landing */ = {
			isa = PBXGroup;
			children = (
				4D7103A82291971B00779EFD /* HomeViewController.swift */,
			);
			path = Landing;
			sourceTree = "<group>";
		};
		4D7103A7229196D500779EFD /* Login */ = {
			isa = PBXGroup;
			children = (
				4D9661A522928DCB006F57B1 /* LoginViewController.swift */,
			);
			path = Login;
			sourceTree = "<group>";
		};
		4D96618422927541006F57B1 /* com */ = {
			isa = PBXGroup;
			children = (
				4D96618522927558006F57B1 /* nibm */,
			);
			path = com;
			sourceTree = "<group>";
		};
		4D96618522927558006F57B1 /* nibm */ = {
			isa = PBXGroup;
			children = (
				E4014BE522957DE500AAD5EA /* View */,
				4D7103A32291969900779EFD /* Model */,
				4D7103A4229196A900779EFD /* Controller */,
				4D7103A5229196B700779EFD /* StoryBoard */,
			);
			path = nibm;
			sourceTree = "<group>";
		};
		4D966196229283A2006F57B1 /* MyProfile */ = {
			isa = PBXGroup;
			children = (
				4D9661A322928DB3006F57B1 /* MyProfileViewController.swift */,
			);
			path = MyProfile;
			sourceTree = "<group>";
		};
		4D966197229283D2006F57B1 /* HomeWork */ = {
			isa = PBXGroup;
			children = (
				4D9661A122928D98006F57B1 /* HomeWorkViewController.swift */,
			);
			path = HomeWork;
			sourceTree = "<group>";
		};
		4D966198229283F8006F57B1 /* ForgetPassword */ = {
			isa = PBXGroup;
			children = (
				4D96619F22928D7E006F57B1 /* ForgetPasswordViewController.swift */,
			);
			path = ForgetPassword;
			sourceTree = "<group>";
		};
		4D96619922928416006F57B1 /* Student */ = {
			isa = PBXGroup;
			children = (
				4D96619D22928D54006F57B1 /* StudentViewController.swift */,
				E4014BEF2295906200AAD5EA /* friendCell.swift */,
				E45D9EC3229963A300871B79 /* friendViewController.swift */,
			);
			path = Student;
			sourceTree = "<group>";
		};
		67892D64473D41DB7AAAD28D /* Frameworks */ = {
			isa = PBXGroup;
			children = (
				9075070E7139539E91374B48 /* Pods_NIBMConnect.framework */,
			);
			name = Frameworks;
			sourceTree = "<group>";
		};
		AAC8B30D8904762BE7A56990 /* Pods */ = {
			isa = PBXGroup;
			children = (
				41CEF92B2EE9165BBB909980 /* Pods-NIBMConnect.debug.xcconfig */,
				B57BFE8E72C2B563C2889BDE /* Pods-NIBMConnect.release.xcconfig */,
				217C33D2C6714FBA374878A8 /* Pods-NIBMConnect.debug.xcconfig */,
				A9106DC2E43AE90E5066C0B9 /* Pods-NIBMConnect.release.xcconfig */,
			);
			path = Pods;
			sourceTree = "<group>";
		};
		E4014BE522957DE500AAD5EA /* View */ = {
			isa = PBXGroup;
			children = (
				E4014BE622957DED00AAD5EA /* TempData.swift */,
			);
			path = View;
			sourceTree = "<group>";
		};
		E4014BEA2295843400AAD5EA /* Base */ = {
			isa = PBXGroup;
			children = (
				E4014BEB2295844200AAD5EA /* BaseViewController.swift */,
			);
			path = Base;
			sourceTree = "<group>";
		};
/* End PBXGroup section */

/* Begin PBXNativeTarget section */
		4D63F0F42291424600461C99 /* NIBMConnect */ = {
			isa = PBXNativeTarget;
			buildConfigurationList = 4D63F1072291424700461C99 /* Build configuration list for PBXNativeTarget "NIBMConnect" */;
			buildPhases = (
				9894FFCEF22A4B71B6D5B3A1 /* [CP] Check Pods Manifest.lock */,
				4D63F0F12291424600461C99 /* Sources */,
				4D63F0F22291424600461C99 /* Frameworks */,
				4D63F0F32291424600461C99 /* Resources */,
				2BA0E58C87A95D34E558BA00 /* [CP] Embed Pods Frameworks */,
				D56A5BE837CBCCE87ED27FE5 /* [CP] Copy Pods Resources */,
			);
			buildRules = (
			);
			dependencies = (
			);
			name = NIBMConnect;
			productName = NIBMConnect;
			productReference = 4D63F0F52291424600461C99 /* NIBMConnect.app */;
			productType = "com.apple.product-type.application";
		};
/* End PBXNativeTarget section */

/* Begin PBXProject section */
		4D63F0ED2291424600461C99 /* Project object */ = {
			isa = PBXProject;
			attributes = {
				LastSwiftUpdateCheck = 1020;
				LastUpgradeCheck = 1020;
				ORGANIZATIONNAME = "Sahan Jayawardhana";
				TargetAttributes = {
					4D63F0F42291424600461C99 = {
						CreatedOnToolsVersion = 10.2;
					};
				};
			};
			buildConfigurationList = 4D63F0F02291424600461C99 /* Build configuration list for PBXProject "NIBMConnect" */;
			compatibilityVersion = "Xcode 9.3";
			developmentRegion = en;
			hasScannedForEncodings = 0;
			knownRegions = (
				en,
				Base,
			);
			mainGroup = 4D63F0EC2291424600461C99;
			productRefGroup = 4D63F0F62291424600461C99 /* Products */;
			projectDirPath = "";
			projectRoot = "";
			targets = (
				4D63F0F42291424600461C99 /* NIBMConnect */,
			);
		};
/* End PBXProject section */

/* Begin PBXResourcesBuildPhase section */
		4D63F0F32291424600461C99 /* Resources */ = {
			isa = PBXResourcesBuildPhase;
			buildActionMask = 2147483647;
			files = (
				4D96618922927747006F57B1 /* Student.storyboard in Resources */,
				4D63F1032291424700461C99 /* LaunchScreen.storyboard in Resources */,
				4D96618322927187006F57B1 /* GoogleService-Info.plist in Resources */,
				E4014BE92295834C00AAD5EA /* Home.storyboard in Resources */,
				4D96618B2292777A006F57B1 /* MyProfile.storyboard in Resources */,
				4D63F1002291424700461C99 /* Assets.xcassets in Resources */,
				4D96618D2292779C006F57B1 /* HomeWork.storyboard in Resources */,
				4D63F0FE2291424600461C99 /* Main.storyboard in Resources */,
				4D96618F229277E4006F57B1 /* Login.storyboard in Resources */,
			);
			runOnlyForDeploymentPostprocessing = 0;
		};
/* End PBXResourcesBuildPhase section */

/* Begin PBXShellScriptBuildPhase section */
		2BA0E58C87A95D34E558BA00 /* [CP] Embed Pods Frameworks */ = {
			isa = PBXShellScriptBuildPhase;
			buildActionMask = 2147483647;
			files = (
			);
			inputFileListPaths = (
			);
			inputPaths = (
				"${PODS_ROOT}/Target Support Files/Pods-NIBMConnect/Pods-NIBMConnect-frameworks.sh",
				"${BUILT_PRODUCTS_DIR}/GTMSessionFetcher/GTMSessionFetcher.framework",
				"${BUILT_PRODUCTS_DIR}/GoogleToolboxForMac/GoogleToolboxForMac.framework",
				"${BUILT_PRODUCTS_DIR}/GoogleUtilities/GoogleUtilities.framework",
				"${BUILT_PRODUCTS_DIR}/Kingfisher/Kingfisher.framework",
				"${BUILT_PRODUCTS_DIR}/leveldb-library/leveldb.framework",
				"${BUILT_PRODUCTS_DIR}/nanopb/nanopb.framework",
			);
			name = "[CP] Embed Pods Frameworks";
			outputFileListPaths = (
			);
			outputPaths = (
				"${TARGET_BUILD_DIR}/${FRAMEWORKS_FOLDER_PATH}/GTMSessionFetcher.framework",
				"${TARGET_BUILD_DIR}/${FRAMEWORKS_FOLDER_PATH}/GoogleToolboxForMac.framework",
				"${TARGET_BUILD_DIR}/${FRAMEWORKS_FOLDER_PATH}/GoogleUtilities.framework",
				"${TARGET_BUILD_DIR}/${FRAMEWORKS_FOLDER_PATH}/Kingfisher.framework",
				"${TARGET_BUILD_DIR}/${FRAMEWORKS_FOLDER_PATH}/leveldb.framework",
				"${TARGET_BUILD_DIR}/${FRAMEWORKS_FOLDER_PATH}/nanopb.framework",
			);
			runOnlyForDeploymentPostprocessing = 0;
			shellPath = /bin/sh;
			shellScript = "\"${PODS_ROOT}/Target Support Files/Pods-NIBMConnect/Pods-NIBMConnect-frameworks.sh\"\n";
			showEnvVarsInLog = 0;
		};
		9894FFCEF22A4B71B6D5B3A1 /* [CP] Check Pods Manifest.lock */ = {
			isa = PBXShellScriptBuildPhase;
			buildActionMask = 2147483647;
			files = (
			);
			inputFileListPaths = (
			);
			inputPaths = (
				"${PODS_PODFILE_DIR_PATH}/Podfile.lock",
				"${PODS_ROOT}/Manifest.lock",
			);
			name = "[CP] Check Pods Manifest.lock";
			outputFileListPaths = (
			);
			outputPaths = (
				"$(DERIVED_FILE_DIR)/Pods-NIBMConnect-checkManifestLockResult.txt",
			);
			runOnlyForDeploymentPostprocessing = 0;
			shellPath = /bin/sh;
			shellScript = "diff \"${PODS_PODFILE_DIR_PATH}/Podfile.lock\" \"${PODS_ROOT}/Manifest.lock\" > /dev/null\nif [ $? != 0 ] ; then\n    # print error to STDERR\n    echo \"error: The sandbox is not in sync with the Podfile.lock. Run 'pod install' or update your CocoaPods installation.\" >&2\n    exit 1\nfi\n# This output is used by Xcode 'outputs' to avoid re-running this script phase.\necho \"SUCCESS\" > \"${SCRIPT_OUTPUT_FILE_0}\"\n";
			showEnvVarsInLog = 0;
		};
		D56A5BE837CBCCE87ED27FE5 /* [CP] Copy Pods Resources */ = {
			isa = PBXShellScriptBuildPhase;
			buildActionMask = 2147483647;
			files = (
			);
			inputFileListPaths = (
			);
			inputPaths = (
				"${PODS_ROOT}/Target Support Files/Pods-NIBMConnect/Pods-NIBMConnect-resources.sh",
				"${PODS_ROOT}/GoogleSignIn/Resources/GoogleSignIn.bundle",
			);
			name = "[CP] Copy Pods Resources";
			outputFileListPaths = (
			);
			outputPaths = (
				"${TARGET_BUILD_DIR}/${UNLOCALIZED_RESOURCES_FOLDER_PATH}/GoogleSignIn.bundle",
			);
			runOnlyForDeploymentPostprocessing = 0;
			shellPath = /bin/sh;
			shellScript = "\"${PODS_ROOT}/Target Support Files/Pods-NIBMConnect/Pods-NIBMConnect-resources.sh\"\n";
			showEnvVarsInLog = 0;
		};
/* End PBXShellScriptBuildPhase section */

/* Begin PBXSourcesBuildPhase section */
		4D63F0F12291424600461C99 /* Sources */ = {
			isa = PBXSourcesBuildPhase;
			buildActionMask = 2147483647;
			files = (
				4D9661A622928DCB006F57B1 /* LoginViewController.swift in Sources */,
				4D9661A422928DB3006F57B1 /* MyProfileViewController.swift in Sources */,
				4D96619E22928D54006F57B1 /* StudentViewController.swift in Sources */,
				4D63F0F92291424600461C99 /* AppDelegate.swift in Sources */,
				4D9661A222928D98006F57B1 /* HomeWorkViewController.swift in Sources */,
				E4014BF02295906200AAD5EA /* friendCell.swift in Sources */,
				E4014BEC2295844200AAD5EA /* BaseViewController.swift in Sources */,
				E4014BE722957DED00AAD5EA /* TempData.swift in Sources */,
				E45D9EC4229963A300871B79 /* friendViewController.swift in Sources */,
				4D9661A022928D7E006F57B1 /* ForgetPasswordViewController.swift in Sources */,
				4D7103A92291971B00779EFD /* HomeViewController.swift in Sources */,
				E4014BEE22958D6F00AAD5EA /* Friends.swift in Sources */,
			);
			runOnlyForDeploymentPostprocessing = 0;
		};
/* End PBXSourcesBuildPhase section */

/* Begin PBXVariantGroup section */
		4D63F0FC2291424600461C99 /* Main.storyboard */ = {
			isa = PBXVariantGroup;
			children = (
				4D63F0FD2291424600461C99 /* Base */,
			);
			name = Main.storyboard;
			sourceTree = "<group>";
		};
		4D63F1012291424700461C99 /* LaunchScreen.storyboard */ = {
			isa = PBXVariantGroup;
			children = (
				4D63F1022291424700461C99 /* Base */,
			);
			name = LaunchScreen.storyboard;
			sourceTree = "<group>";
		};
/* End PBXVariantGroup section */

/* Begin XCBuildConfiguration section */
		4D63F1052291424700461C99 /* Debug */ = {
			isa = XCBuildConfiguration;
			buildSettings = {
				ALWAYS_SEARCH_USER_PATHS = NO;
				CLANG_ANALYZER_NONNULL = YES;
				CLANG_ANALYZER_NUMBER_OBJECT_CONVERSION = YES_AGGRESSIVE;
				CLANG_CXX_LANGUAGE_STANDARD = "gnu++14";
				CLANG_CXX_LIBRARY = "libc++";
				CLANG_ENABLE_MODULES = YES;
				CLANG_ENABLE_OBJC_ARC = YES;
				CLANG_ENABLE_OBJC_WEAK = YES;
				CLANG_WARN_BLOCK_CAPTURE_AUTORELEASING = YES;
				CLANG_WARN_BOOL_CONVERSION = YES;
				CLANG_WARN_COMMA = YES;
				CLANG_WARN_CONSTANT_CONVERSION = YES;
				CLANG_WARN_DEPRECATED_OBJC_IMPLEMENTATIONS = YES;
				CLANG_WARN_DIRECT_OBJC_ISA_USAGE = YES_ERROR;
				CLANG_WARN_DOCUMENTATION_COMMENTS = YES;
				CLANG_WARN_EMPTY_BODY = YES;
				CLANG_WARN_ENUM_CONVERSION = YES;
				CLANG_WARN_INFINITE_RECURSION = YES;
				CLANG_WARN_INT_CONVERSION = YES;
				CLANG_WARN_NON_LITERAL_NULL_CONVERSION = YES;
				CLANG_WARN_OBJC_IMPLICIT_RETAIN_SELF = YES;
				CLANG_WARN_OBJC_LITERAL_CONVERSION = YES;
				CLANG_WARN_OBJC_ROOT_CLASS = YES_ERROR;
				CLANG_WARN_RANGE_LOOP_ANALYSIS = YES;
				CLANG_WARN_STRICT_PROTOTYPES = YES;
				CLANG_WARN_SUSPICIOUS_MOVE = YES;
				CLANG_WARN_UNGUARDED_AVAILABILITY = YES_AGGRESSIVE;
				CLANG_WARN_UNREACHABLE_CODE = YES;
				CLANG_WARN__DUPLICATE_METHOD_MATCH = YES;
				CODE_SIGN_IDENTITY = "iPhone Developer";
				COPY_PHASE_STRIP = NO;
				DEBUG_INFORMATION_FORMAT = dwarf;
				ENABLE_STRICT_OBJC_MSGSEND = YES;
				ENABLE_TESTABILITY = YES;
				GCC_C_LANGUAGE_STANDARD = gnu11;
				GCC_DYNAMIC_NO_PIC = NO;
				GCC_NO_COMMON_BLOCKS = YES;
				GCC_OPTIMIZATION_LEVEL = 0;
				GCC_PREPROCESSOR_DEFINITIONS = (
					"DEBUG=1",
					"$(inherited)",
				);
				GCC_WARN_64_TO_32_BIT_CONVERSION = YES;
				GCC_WARN_ABOUT_RETURN_TYPE = YES_ERROR;
				GCC_WARN_UNDECLARED_SELECTOR = YES;
				GCC_WARN_UNINITIALIZED_AUTOS = YES_AGGRESSIVE;
				GCC_WARN_UNUSED_FUNCTION = YES;
				GCC_WARN_UNUSED_VARIABLE = YES;
				IPHONEOS_DEPLOYMENT_TARGET = 12.2;
				MTL_ENABLE_DEBUG_INFO = INCLUDE_SOURCE;
				MTL_FAST_MATH = YES;
				ONLY_ACTIVE_ARCH = YES;
				SDKROOT = iphoneos;
				SWIFT_ACTIVE_COMPILATION_CONDITIONS = DEBUG;
				SWIFT_OPTIMIZATION_LEVEL = "-Onone";
			};
			name = Debug;
		};
		4D63F1062291424700461C99 /* Release */ = {
			isa = XCBuildConfiguration;
			buildSettings = {
				ALWAYS_SEARCH_USER_PATHS = NO;
				CLANG_ANALYZER_NONNULL = YES;
				CLANG_ANALYZER_NUMBER_OBJECT_CONVERSION = YES_AGGRESSIVE;
				CLANG_CXX_LANGUAGE_STANDARD = "gnu++14";
				CLANG_CXX_LIBRARY = "libc++";
				CLANG_ENABLE_MODULES = YES;
				CLANG_ENABLE_OBJC_ARC = YES;
				CLANG_ENABLE_OBJC_WEAK = YES;
				CLANG_WARN_BLOCK_CAPTURE_AUTORELEASING = YES;
				CLANG_WARN_BOOL_CONVERSION = YES;
				CLANG_WARN_COMMA = YES;
				CLANG_WARN_CONSTANT_CONVERSION = YES;
				CLANG_WARN_DEPRECATED_OBJC_IMPLEMENTATIONS = YES;
				CLANG_WARN_DIRECT_OBJC_ISA_USAGE = YES_ERROR;
				CLANG_WARN_DOCUMENTATION_COMMENTS = YES;
				CLANG_WARN_EMPTY_BODY = YES;
				CLANG_WARN_ENUM_CONVERSION = YES;
				CLANG_WARN_INFINITE_RECURSION = YES;
				CLANG_WARN_INT_CONVERSION = YES;
				CLANG_WARN_NON_LITERAL_NULL_CONVERSION = YES;
				CLANG_WARN_OBJC_IMPLICIT_RETAIN_SELF = YES;
				CLANG_WARN_OBJC_LITERAL_CONVERSION = YES;
				CLANG_WARN_OBJC_ROOT_CLASS = YES_ERROR;
				CLANG_WARN_RANGE_LOOP_ANALYSIS = YES;
				CLANG_WARN_STRICT_PROTOTYPES = YES;
				CLANG_WARN_SUSPICIOUS_MOVE = YES;
				CLANG_WARN_UNGUARDED_AVAILABILITY = YES_AGGRESSIVE;
				CLANG_WARN_UNREACHABLE_CODE = YES;
				CLANG_WARN__DUPLICATE_METHOD_MATCH = YES;
				CODE_SIGN_IDENTITY = "iPhone Developer";
				COPY_PHASE_STRIP = NO;
				DEBUG_INFORMATION_FORMAT = "dwarf-with-dsym";
				ENABLE_NS_ASSERTIONS = NO;
				ENABLE_STRICT_OBJC_MSGSEND = YES;
				GCC_C_LANGUAGE_STANDARD = gnu11;
				GCC_NO_COMMON_BLOCKS = YES;
				GCC_WARN_64_TO_32_BIT_CONVERSION = YES;
				GCC_WARN_ABOUT_RETURN_TYPE = YES_ERROR;
				GCC_WARN_UNDECLARED_SELECTOR = YES;
				GCC_WARN_UNINITIALIZED_AUTOS = YES_AGGRESSIVE;
				GCC_WARN_UNUSED_FUNCTION = YES;
				GCC_WARN_UNUSED_VARIABLE = YES;
				IPHONEOS_DEPLOYMENT_TARGET = 12.2;
				MTL_ENABLE_DEBUG_INFO = NO;
				MTL_FAST_MATH = YES;
				SDKROOT = iphoneos;
				SWIFT_COMPILATION_MODE = wholemodule;
				SWIFT_OPTIMIZATION_LEVEL = "-O";
				VALIDATE_PRODUCT = YES;
			};
			name = Release;
		};
		4D63F1082291424700461C99 /* Debug */ = {
			isa = XCBuildConfiguration;
			baseConfigurationReference = 41CEF92B2EE9165BBB909980 /* Pods-NIBMConnect.debug.xcconfig */;
			buildSettings = {
				ASSETCATALOG_COMPILER_APPICON_NAME = AppIcon;
				CODE_SIGN_STYLE = Automatic;
				INFOPLIST_FILE = NIBMConnect/Info.plist;
				LD_RUNPATH_SEARCH_PATHS = (
					"$(inherited)",
					"@executable_path/Frameworks",
				);
				PRODUCT_BUNDLE_IDENTIFIER = "COMBBSCComp171P-013.NIBMConnect";
				PRODUCT_NAME = "$(TARGET_NAME)";
				SWIFT_VERSION = 5.0;
				TARGETED_DEVICE_FAMILY = "1,2";
			};
			name = Debug;
		};
		4D63F1092291424700461C99 /* Release */ = {
			isa = XCBuildConfiguration;
			baseConfigurationReference = B57BFE8E72C2B563C2889BDE /* Pods-NIBMConnect.release.xcconfig */;
			buildSettings = {
				ASSETCATALOG_COMPILER_APPICON_NAME = AppIcon;
				CODE_SIGN_STYLE = Automatic;
				INFOPLIST_FILE = NIBMConnect/Info.plist;
				LD_RUNPATH_SEARCH_PATHS = (
					"$(inherited)",
					"@executable_path/Frameworks",
				);
				PRODUCT_BUNDLE_IDENTIFIER = "COMBBSCComp171P-013.NIBMConnect";
				PRODUCT_NAME = "$(TARGET_NAME)";
				SWIFT_VERSION = 5.0;
				TARGETED_DEVICE_FAMILY = "1,2";
			};
			name = Release;
		};
/* End XCBuildConfiguration section */

/* Begin XCConfigurationList section */
		4D63F0F02291424600461C99 /* Build configuration list for PBXProject "NIBMConnect" */ = {
			isa = XCConfigurationList;
			buildConfigurations = (
				4D63F1052291424700461C99 /* Debug */,
				4D63F1062291424700461C99 /* Release */,
			);
			defaultConfigurationIsVisible = 0;
			defaultConfigurationName = Release;
		};
		4D63F1072291424700461C99 /* Build configuration list for PBXNativeTarget "NIBMConnect" */ = {
			isa = XCConfigurationList;
			buildConfigurations = (
				4D63F1082291424700461C99 /* Debug */,
				4D63F1092291424700461C99 /* Release */,
			);
			defaultConfigurationIsVisible = 0;
			defaultConfigurationName = Release;
		};
/* End XCConfigurationList section */
	};
	rootObject = 4D63F0ED2291424600461C99 /* Project object */;
}
